// !$*UTF8*$!
{
	archiveVersion = 1;
	classes = {
	};
	objectVersion = 46;
	objects = {

/* Begin PBXBuildFile section */
		32EC6709F1F7F142A381E73E /* SarbatoareWidgetExtension.appex in Embed Foundation Extensions */ = {isa = PBXBuildFile; fileRef = 670B641C7A1E30F1367D9452 /* SarbatoareWidgetExtension.appex */; settings = {ATTRIBUTES = (RemoveHeadersOnCopy, ); }; };
		58EF45D5BC41E79785F965B9 /* SwiftUI.framework in Frameworks */ = {isa = PBXBuildFile; fileRef = 338E6C0E2EAF5577A9DC256B /* SwiftUI.framework */; };
		692F00162B57FA57AA0FA730 /* Foundation.framework in Frameworks */ = {isa = PBXBuildFile; fileRef = CA207C41C817822D607A0F6F /* Foundation.framework */; };
		80A706DC14897EC7FDC32C3B /* CalendarOrtodoxApp.swift in Sources */ = {isa = PBXBuildFile; fileRef = 9E6F8B2338B89211E4952FC6 /* CalendarOrtodoxApp.swift */; };
		8556B1C7E4060BEBB2DE71F5 /* WidgetKit.framework in Frameworks */ = {isa = PBXBuildFile; fileRef = C20D84A1A10169DC44B3D900 /* WidgetKit.framework */; };
		C182F3D922908FF01A4560B1 /* Sarbatori.swift in Sources */ = {isa = PBXBuildFile; fileRef = ABE8262D124E80D5BD54C108 /* Sarbatori.swift */; };
		C46820250833439F38CEBCFD /* SarbatoareWidget.swift in Sources */ = {isa = PBXBuildFile; fileRef = 7ECBB5019F039B55890E47D9 /* SarbatoareWidget.swift */; };
		D5704C6A390BF35EB784887A /* Foundation.framework in Frameworks */ = {isa = PBXBuildFile; fileRef = CA207C41C817822D607A0F6F /* Foundation.framework */; };
		DBF9DB5875F5A8264BE96F5D /* ContentView.swift in Sources */ = {isa = PBXBuildFile; fileRef = 72A018E459E02449FF095BD1 /* ContentView.swift */; };
		E858235BFDF29D3616D746CB /* Sarbatori.swift in Sources */ = {isa = PBXBuildFile; fileRef = ABE8262D124E80D5BD54C108 /* Sarbatori.swift */; };
/* End PBXBuildFile section */

/* Begin PBXContainerItemProxy section */
		A05F8EF991FC96F6A0DC5D56 /* PBXContainerItemProxy */ = {
			isa = PBXContainerItemProxy;
			containerPortal = 17A3F003330FA7E8DAB007D3 /* Project object */;
			proxyType = 1;
			remoteGlobalIDString = ED51595BC3E63E0F1A2674D9;
			remoteInfo = SarbatoareWidgetExtension;
		};
/* End PBXContainerItemProxy section */

/* Begin PBXCopyFilesBuildPhase section */
		7220E1A0DF67B0A7F33CB301 /* Embed Foundation Extensions */ = {
			isa = PBXCopyFilesBuildPhase;
			buildActionMask = 2147483647;
			dstPath = "";
			dstSubfolderSpec = 13;
			files = (
				32EC6709F1F7F142A381E73E /* SarbatoareWidgetExtension.appex in Embed Foundation Extensions */,
			);
			name = "Embed Foundation Extensions";
			runOnlyForDeploymentPostprocessing = 0;
		};
/* End PBXCopyFilesBuildPhase section */

/* Begin PBXFileReference section */
		338E6C0E2EAF5577A9DC256B /* SwiftUI.framework */ = {isa = PBXFileReference; lastKnownFileType = wrapper.framework; name = SwiftUI.framework; path = Platforms/iPhoneOS.platform/Developer/SDKs/iPhoneOS26.0.sdk/System/Library/Frameworks/SwiftUI.framework; sourceTree = DEVELOPER_DIR; };
		670B641C7A1E30F1367D9452 /* SarbatoareWidgetExtension.appex */ = {isa = PBXFileReference; explicitFileType = "wrapper.app-extension"; includeInIndex = 0; path = SarbatoareWidgetExtension.appex; sourceTree = BUILT_PRODUCTS_DIR; };
		72A018E459E02449FF095BD1 /* ContentView.swift */ = {isa = PBXFileReference; includeInIndex = 1; lastKnownFileType = sourcecode.swift; path = ContentView.swift; sourceTree = "<group>"; };
		7ECBB5019F039B55890E47D9 /* SarbatoareWidget.swift */ = {isa = PBXFileReference; includeInIndex = 1; lastKnownFileType = sourcecode.swift; path = SarbatoareWidget.swift; sourceTree = "<group>"; };
		80FBE827FEA39A37B8E3A972 /* Info.plist */ = {isa = PBXFileReference; includeInIndex = 1; lastKnownFileType = text.plist.xml; path = Info.plist; sourceTree = "<group>"; };
		8AD3AFFD82854648C6EFAAB3 /* CalendarOrtodox.app */ = {isa = PBXFileReference; explicitFileType = wrapper.application; includeInIndex = 0; path = CalendarOrtodox.app; sourceTree = BUILT_PRODUCTS_DIR; };
		9E6F8B2338B89211E4952FC6 /* CalendarOrtodoxApp.swift */ = {isa = PBXFileReference; includeInIndex = 1; lastKnownFileType = sourcecode.swift; path = CalendarOrtodoxApp.swift; sourceTree = "<group>"; };
		ABE8262D124E80D5BD54C108 /* Sarbatori.swift */ = {isa = PBXFileReference; includeInIndex = 1; lastKnownFileType = sourcecode.swift; path = Sarbatori.swift; sourceTree = "<group>"; };
		C20D84A1A10169DC44B3D900 /* WidgetKit.framework */ = {isa = PBXFileReference; lastKnownFileType = wrapper.framework; name = WidgetKit.framework; path = Platforms/iPhoneOS.platform/Developer/SDKs/iPhoneOS26.0.sdk/System/Library/Frameworks/WidgetKit.framework; sourceTree = DEVELOPER_DIR; };
		CA207C41C817822D607A0F6F /* Foundation.framework */ = {isa = PBXFileReference; lastKnownFileType = wrapper.framework; name = Foundation.framework; path = Platforms/iPhoneOS.platform/Developer/SDKs/iPhoneOS26.0.sdk/System/Library/Frameworks/Foundation.framework; sourceTree = DEVELOPER_DIR; };
/* End PBXFileReference section */

/* Begin PBXFrameworksBuildPhase section */
		75D609264B0E0427967F9774 /* Frameworks */ = {
			isa = PBXFrameworksBuildPhase;
			buildActionMask = 2147483647;
			files = (
				D5704C6A390BF35EB784887A /* Foundation.framework in Frameworks */,
				8556B1C7E4060BEBB2DE71F5 /* WidgetKit.framework in Frameworks */,
				58EF45D5BC41E79785F965B9 /* SwiftUI.framework in Frameworks */,
			);
			runOnlyForDeploymentPostprocessing = 0;
		};
		DE9E064B3DF70CD0A06B878D /* Frameworks */ = {
			isa = PBXFrameworksBuildPhase;
			buildActionMask = 2147483647;
			files = (
				692F00162B57FA57AA0FA730 /* Foundation.framework in Frameworks */,
			);
			runOnlyForDeploymentPostprocessing = 0;
		};
/* End PBXFrameworksBuildPhase section */

/* Begin PBXGroup section */
		06981E3786758D935D36CB84 /* Shared */ = {
			isa = PBXGroup;
			children = (
				ABE8262D124E80D5BD54C108 /* Sarbatori.swift */,
			);
			name = Shared;
			path = Shared;
			sourceTree = "<group>";
		};
		19605C9C3186A36A7D63130D /* App */ = {
			isa = PBXGroup;
			children = (
				9E6F8B2338B89211E4952FC6 /* CalendarOrtodoxApp.swift */,
				72A018E459E02449FF095BD1 /* ContentView.swift */,
			);
			name = App;
			path = App;
			sourceTree = "<group>";
		};
		7CA2FCEC015ABBAC55FB9319 = {
			isa = PBXGroup;
			children = (
				AD8324822583A6889C4B33D4 /* Products */,
				F60785CA44A945C0E3C277E3 /* Frameworks */,
				06981E3786758D935D36CB84 /* Shared */,
				19605C9C3186A36A7D63130D /* App */,
				D51D02001B7630AC675F2767 /* Widget */,
			);
			sourceTree = "<group>";
		};
		AD8324822583A6889C4B33D4 /* Products */ = {
			isa = PBXGroup;
			children = (
				8AD3AFFD82854648C6EFAAB3 /* CalendarOrtodox.app */,
				670B641C7A1E30F1367D9452 /* SarbatoareWidgetExtension.appex */,
			);
			name = Products;
			sourceTree = "<group>";
		};
		D51D02001B7630AC675F2767 /* Widget */ = {
			isa = PBXGroup;
			children = (
				7ECBB5019F039B55890E47D9 /* SarbatoareWidget.swift */,
				80FBE827FEA39A37B8E3A972 /* Info.plist */,
			);
			name = Widget;
			path = Widget;
			sourceTree = "<group>";
		};
		F553E28F863480348E1EAFCF /* iOS */ = {
			isa = PBXGroup;
			children = (
				CA207C41C817822D607A0F6F /* Foundation.framework */,
				C20D84A1A10169DC44B3D900 /* WidgetKit.framework */,
				338E6C0E2EAF5577A9DC256B /* SwiftUI.framework */,
			);
			name = iOS;
			sourceTree = "<group>";
		};
		F60785CA44A945C0E3C277E3 /* Frameworks */ = {
			isa = PBXGroup;
			children = (
				F553E28F863480348E1EAFCF /* iOS */,
			);
			name = Frameworks;
			sourceTree = "<group>";
		};
/* End PBXGroup section */

/* Begin PBXNativeTarget section */
		3E1083B5811C240663143E87 /* CalendarOrtodox */ = {
			isa = PBXNativeTarget;
			buildConfigurationList = C3CB4A4468590ABB7A7CB5A2 /* Build configuration list for PBXNativeTarget "CalendarOrtodox" */;
			buildPhases = (
				248C6836B82046E45BEEA67B /* Sources */,
				DE9E064B3DF70CD0A06B878D /* Frameworks */,
				DF77B4EFFB9595D2B25886A5 /* Resources */,
				7220E1A0DF67B0A7F33CB301 /* Embed Foundation Extensions */,
			);
			buildRules = (
			);
			dependencies = (
				73EF6EE6374F524FD846E818 /* PBXTargetDependency */,
			);
			name = CalendarOrtodox;
			productName = CalendarOrtodox;
			productReference = 8AD3AFFD82854648C6EFAAB3 /* CalendarOrtodox.app */;
			productType = "com.apple.product-type.application";
		};
		ED51595BC3E63E0F1A2674D9 /* SarbatoareWidgetExtension */ = {
			isa = PBXNativeTarget;
			buildConfigurationList = 883D7044A09EF68A78711B51 /* Build configuration list for PBXNativeTarget "SarbatoareWidgetExtension" */;
			buildPhases = (
				40F1915A55C4023203A2FFD1 /* Sources */,
				75D609264B0E0427967F9774 /* Frameworks */,
				23B5331FCE46F6D59DEBB4E8 /* Resources */,
			);
			buildRules = (
			);
			dependencies = (
			);
			name = SarbatoareWidgetExtension;
			productName = SarbatoareWidgetExtension;
			productReference = 670B641C7A1E30F1367D9452 /* SarbatoareWidgetExtension.appex */;
			productType = "com.apple.product-type.app-extension";
		};
/* End PBXNativeTarget section */

/* Begin PBXProject section */
		17A3F003330FA7E8DAB007D3 /* Project object */ = {
			isa = PBXProject;
			attributes = {
				LastSwiftUpdateCheck = 1600;
				LastUpgradeCheck = 1600;
			};
			buildConfigurationList = 90EE70AEF664677876F10E27 /* Build configuration list for PBXProject "CalendarOrtodox" */;
			compatibilityVersion = "Xcode 3.2";
			developmentRegion = en;
			hasScannedForEncodings = 0;
			knownRegions = (
				en,
				Base,
			);
			mainGroup = 7CA2FCEC015ABBAC55FB9319;
			minimizedProjectReferenceProxies = 0;
			preferredProjectObjectVersion = 100;
			productRefGroup = AD8324822583A6889C4B33D4 /* Products */;
			projectDirPath = "";
			projectRoot = "";
			targets = (
				3E1083B5811C240663143E87 /* CalendarOrtodox */,
				ED51595BC3E63E0F1A2674D9 /* SarbatoareWidgetExtension */,
			);
		};
/* End PBXProject section */

/* Begin PBXResourcesBuildPhase section */
		23B5331FCE46F6D59DEBB4E8 /* Resources */ = {
			isa = PBXResourcesBuildPhase;
			buildActionMask = 2147483647;
			files = (
			);
			runOnlyForDeploymentPostprocessing = 0;
		};
		DF77B4EFFB9595D2B25886A5 /* Resources */ = {
			isa = PBXResourcesBuildPhase;
			buildActionMask = 2147483647;
			files = (
			);
			runOnlyForDeploymentPostprocessing = 0;
		};
/* End PBXResourcesBuildPhase section */

/* Begin PBXSourcesBuildPhase section */
		248C6836B82046E45BEEA67B /* Sources */ = {
			isa = PBXSourcesBuildPhase;
			buildActionMask = 2147483647;
			files = (
				E858235BFDF29D3616D746CB /* Sarbatori.swift in Sources */,
				80A706DC14897EC7FDC32C3B /* CalendarOrtodoxApp.swift in Sources */,
				DBF9DB5875F5A8264BE96F5D /* ContentView.swift in Sources */,
			);
			runOnlyForDeploymentPostprocessing = 0;
		};
		40F1915A55C4023203A2FFD1 /* Sources */ = {
			isa = PBXSourcesBuildPhase;
			buildActionMask = 2147483647;
			files = (
				C182F3D922908FF01A4560B1 /* Sarbatori.swift in Sources */,
				C46820250833439F38CEBCFD /* SarbatoareWidget.swift in Sources */,
			);
			runOnlyForDeploymentPostprocessing = 0;
		};
/* End PBXSourcesBuildPhase section */

/* Begin PBXTargetDependency section */
		73EF6EE6374F524FD846E818 /* PBXTargetDependency */ = {
			isa = PBXTargetDependency;
			name = SarbatoareWidgetExtension;
			target = ED51595BC3E63E0F1A2674D9 /* SarbatoareWidgetExtension */;
			targetProxy = A05F8EF991FC96F6A0DC5D56 /* PBXContainerItemProxy */;
		};
/* End PBXTargetDependency section */

/* Begin XCBuildConfiguration section */
		3A25334BE1FBCB9959906DD3 /* Debug */ = {
			isa = XCBuildConfiguration;
			buildSettings = {
				ASSETCATALOG_COMPILER_APPICON_NAME = AppIcon;
				ASSETCATALOG_COMPILER_GLOBAL_ACCENT_COLOR_NAME = AccentColor;
				CLANG_ENABLE_OBJC_WEAK = NO;
				CODE_SIGN_STYLE = Automatic;
				CURRENT_PROJECT_VERSION = 1;
				DEVELOPMENT_TEAM = "";
				GENERATE_INFOPLIST_FILE = YES;
				INFOPLIST_KEY_CFBundleDisplayName = "Calendar Ortodox";
				INFOPLIST_KEY_UILaunchScreen_Generation = YES;
				INFOPLIST_KEY_UISupportedInterfaceOrientations = UIInterfaceOrientationPortrait;
				IPHONEOS_DEPLOYMENT_TARGET = 17.0;
				LD_RUNPATH_SEARCH_PATHS = "$(inherited) @executable_path/Frameworks";
				MARKETING_VERSION = 1.0;
				PRODUCT_BUNDLE_IDENTIFIER = ro.calendarortodox.app;
				PRODUCT_NAME = "$(TARGET_NAME)";
				SDKROOT = iphoneos;
				SWIFT_VERSION = 5.0;
				TARGETED_DEVICE_FAMILY = 1;
			};
			name = Debug;
		};
		4B66D65F3F8ADD7868BE5F20 /* Release */ = {
			isa = XCBuildConfiguration;
			buildSettings = {
				CLANG_ENABLE_OBJC_WEAK = NO;
				CODE_SIGN_STYLE = Automatic;
				CURRENT_PROJECT_VERSION = 1;
				DEVELOPMENT_TEAM = "";
				GENERATE_INFOPLIST_FILE = YES;
				INFOPLIST_FILE = Widget/Info.plist;
				INFOPLIST_KEY_CFBundleDisplayName = "Sărbători";
				IPHONEOS_DEPLOYMENT_TARGET = 17.0;
				LD_RUNPATH_SEARCH_PATHS = "$(inherited) @executable_path/Frameworks @executable_path/../../Frameworks";
				MARKETING_VERSION = 1.0;
				PRODUCT_BUNDLE_IDENTIFIER = ro.calendarortodox.app.widget;
				PRODUCT_NAME = "$(TARGET_NAME)";
				SDKROOT = iphoneos;
				SKIP_INSTALL = YES;
				SWIFT_VERSION = 5.0;
				TARGETED_DEVICE_FAMILY = 1;
				VALIDATE_PRODUCT = YES;
			};
			name = Release;
		};
		5C9FEF175337E450D97BE780 /* Release */ = {
			isa = XCBuildConfiguration;
			buildSettings = {
				ASSETCATALOG_COMPILER_APPICON_NAME = AppIcon;
				ASSETCATALOG_COMPILER_GLOBAL_ACCENT_COLOR_NAME = AccentColor;
				CLANG_ENABLE_OBJC_WEAK = NO;
				CODE_SIGN_STYLE = Automatic;
				CURRENT_PROJECT_VERSION = 1;
				DEVELOPMENT_TEAM = "";
				GENERATE_INFOPLIST_FILE = YES;
				INFOPLIST_KEY_CFBundleDisplayName = "Calendar Ortodox";
				INFOPLIST_KEY_UILaunchScreen_Generation = YES;
				INFOPLIST_KEY_UISupportedInterfaceOrientations = UIInterfaceOrientationPortrait;
				IPHONEOS_DEPLOYMENT_TARGET = 17.0;
				LD_RUNPATH_SEARCH_PATHS = "$(inherited) @executable_path/Frameworks";
				MARKETING_VERSION = 1.0;
				PRODUCT_BUNDLE_IDENTIFIER = ro.calendarortodox.app;
				PRODUCT_NAME = "$(TARGET_NAME)";
				SDKROOT = iphoneos;
				SWIFT_VERSION = 5.0;
				TARGETED_DEVICE_FAMILY = 1;
				VALIDATE_PRODUCT = YES;
			};
			name = Release;
		};
		76B21818C539C6609DC34D7C /* Release */ = {
			isa = XCBuildConfiguration;
			buildSettings = {
				ALWAYS_SEARCH_USER_PATHS = NO;
				CLANG_ANALYZER_NONNULL = YES;
				CLANG_ANALYZER_NUMBER_OBJECT_CONVERSION = YES_AGGRESSIVE;
				CLANG_CXX_LANGUAGE_STANDARD = "gnu++14";
				CLANG_CXX_LIBRARY = "libc++";
				CLANG_ENABLE_MODULES = YES;
				CLANG_ENABLE_OBJC_ARC = YES;
				CLANG_ENABLE_OBJC_WEAK = YES;
				CLANG_WARN_BLOCK_CAPTURE_AUTORELEASING = YES;
				CLANG_WARN_BOOL_CONVERSION = YES;
				CLANG_WARN_COMMA = YES;
				CLANG_WARN_CONSTANT_CONVERSION = YES;
				CLANG_WARN_DEPRECATED_OBJC_IMPLEMENTATIONS = YES;
				CLANG_WARN_DIRECT_OBJC_ISA_USAGE = YES_ERROR;
				CLANG_WARN_DOCUMENTATION_COMMENTS = YES;
				CLANG_WARN_EMPTY_BODY = YES;
				CLANG_WARN_ENUM_CONVERSION = YES;
				CLANG_WARN_INFINITE_RECURSION = YES;
				CLANG_WARN_INT_CONVERSION = YES;
				CLANG_WARN_NON_LITERAL_NULL_CONVERSION = YES;
				CLANG_WARN_OBJC_IMPLICIT_RETAIN_SELF = YES;
				CLANG_WARN_OBJC_LITERAL_CONVERSION = YES;
				CLANG_WARN_OBJC_ROOT_CLASS = YES_ERROR;
				CLANG_WARN_QUOTED_INCLUDE_IN_FRAMEWORK_HEADER = YES;
				CLANG_WARN_RANGE_LOOP_ANALYSIS = YES;
				CLANG_WARN_STRICT_PROTOTYPES = YES;
				CLANG_WARN_SUSPICIOUS_MOVE = YES;
				CLANG_WARN_UNGUARDED_AVAILABILITY = YES_AGGRESSIVE;
				CLANG_WARN_UNREACHABLE_CODE = YES;
				CLANG_WARN__DUPLICATE_METHOD_MATCH = YES;
				COPY_PHASE_STRIP = NO;
				DEBUG_INFORMATION_FORMAT = "dwarf-with-dsym";
				ENABLE_NS_ASSERTIONS = NO;
				ENABLE_STRICT_OBJC_MSGSEND = YES;
				GCC_C_LANGUAGE_STANDARD = gnu11;
				GCC_NO_COMMON_BLOCKS = YES;
				GCC_WARN_64_TO_32_BIT_CONVERSION = YES;
				GCC_WARN_ABOUT_RETURN_TYPE = YES_ERROR;
				GCC_WARN_UNDECLARED_SELECTOR = YES;
				GCC_WARN_UNINITIALIZED_AUTOS = YES_AGGRESSIVE;
				GCC_WARN_UNUSED_FUNCTION = YES;
				GCC_WARN_UNUSED_VARIABLE = YES;
				MTL_ENABLE_DEBUG_INFO = NO;
				MTL_FAST_MATH = YES;
				PRODUCT_NAME = "$(TARGET_NAME)";
				SWIFT_COMPILATION_MODE = wholemodule;
				SWIFT_OPTIMIZATION_LEVEL = "-O";
				SWIFT_VERSION = 5.0;
			};
			name = Release;
		};
		8A77A8E05D28630FD208A1FD /* Debug */ = {
			isa = XCBuildConfiguration;
			buildSettings = {
				ALWAYS_SEARCH_USER_PATHS = NO;
				CLANG_ANALYZER_NONNULL = YES;
				CLANG_ANALYZER_NUMBER_OBJECT_CONVERSION = YES_AGGRESSIVE;
				CLANG_CXX_LANGUAGE_STANDARD = "gnu++14";
				CLANG_CXX_LIBRARY = "libc++";
				CLANG_ENABLE_MODULES = YES;
				CLANG_ENABLE_OBJC_ARC = YES;
				CLANG_ENABLE_OBJC_WEAK = YES;
				CLANG_WARN_BLOCK_CAPTURE_AUTORELEASING = YES;
				CLANG_WARN_BOOL_CONVERSION = YES;
				CLANG_WARN_COMMA = YES;
				CLANG_WARN_CONSTANT_CONVERSION = YES;
				CLANG_WARN_DEPRECATED_OBJC_IMPLEMENTATIONS = YES;
				CLANG_WARN_DIRECT_OBJC_ISA_USAGE = YES_ERROR;
				CLANG_WARN_DOCUMENTATION_COMMENTS = YES;
				CLANG_WARN_EMPTY_BODY = YES;
				CLANG_WARN_ENUM_CONVERSION = YES;
				CLANG_WARN_INFINITE_RECURSION = YES;
				CLANG_WARN_INT_CONVERSION = YES;
				CLANG_WARN_NON_LITERAL_NULL_CONVERSION = YES;
				CLANG_WARN_OBJC_IMPLICIT_RETAIN_SELF = YES;
				CLANG_WARN_OBJC_LITERAL_CONVERSION = YES;
				CLANG_WARN_OBJC_ROOT_CLASS = YES_ERROR;
				CLANG_WARN_QUOTED_INCLUDE_IN_FRAMEWORK_HEADER = YES;
				CLANG_WARN_RANGE_LOOP_ANALYSIS = YES;
				CLANG_WARN_STRICT_PROTOTYPES = YES;
				CLANG_WARN_SUSPICIOUS_MOVE = YES;
				CLANG_WARN_UNGUARDED_AVAILABILITY = YES_AGGRESSIVE;
				CLANG_WARN_UNREACHABLE_CODE = YES;
				CLANG_WARN__DUPLICATE_METHOD_MATCH = YES;
				COPY_PHASE_STRIP = NO;
				DEBUG_INFORMATION_FORMAT = dwarf;
				ENABLE_STRICT_OBJC_MSGSEND = YES;
				ENABLE_TESTABILITY = YES;
				GCC_C_LANGUAGE_STANDARD = gnu11;
				GCC_DYNAMIC_NO_PIC = NO;
				GCC_NO_COMMON_BLOCKS = YES;
				GCC_OPTIMIZATION_LEVEL = 0;
				GCC_PREPROCESSOR_DEFINITIONS = (
					"DEBUG=1",
					"$(inherited)",
				);
				GCC_WARN_64_TO_32_BIT_CONVERSION = YES;
				GCC_WARN_ABOUT_RETURN_TYPE = YES_ERROR;
				GCC_WARN_UNDECLARED_SELECTOR = YES;
				GCC_WARN_UNINITIALIZED_AUTOS = YES_AGGRESSIVE;
				GCC_WARN_UNUSED_FUNCTION = YES;
				GCC_WARN_UNUSED_VARIABLE = YES;
				MTL_ENABLE_DEBUG_INFO = INCLUDE_SOURCE;
				MTL_FAST_MATH = YES;
				ONLY_ACTIVE_ARCH = YES;
				PRODUCT_NAME = "$(TARGET_NAME)";
				SWIFT_ACTIVE_COMPILATION_CONDITIONS = DEBUG;
				SWIFT_OPTIMIZATION_LEVEL = "-Onone";
				SWIFT_VERSION = 5.0;
			};
			name = Debug;
		};
		C656A8A7CA9F8C35B7384E18 /* Debug */ = {
			isa = XCBuildConfiguration;
			buildSettings = {
				CLANG_ENABLE_OBJC_WEAK = NO;
				CODE_SIGN_STYLE = Automatic;
				CURRENT_PROJECT_VERSION = 1;
				DEVELOPMENT_TEAM = "";
				GENERATE_INFOPLIST_FILE = YES;
				INFOPLIST_FILE = Widget/Info.plist;
				INFOPLIST_KEY_CFBundleDisplayName = "Sărbători";
				IPHONEOS_DEPLOYMENT_TARGET = 17.0;
				LD_RUNPATH_SEARCH_PATHS = "$(inherited) @executable_path/Frameworks @executable_path/../../Frameworks";
				MARKETING_VERSION = 1.0;
				PRODUCT_BUNDLE_IDENTIFIER = ro.calendarortodox.app.widget;
				PRODUCT_NAME = "$(TARGET_NAME)";
				SDKROOT = iphoneos;
				SKIP_INSTALL = YES;
				SWIFT_VERSION = 5.0;
				TARGETED_DEVICE_FAMILY = 1;
			};
			name = Debug;
		};
/* End XCBuildConfiguration section */

/* Begin XCConfigurationList section */
		883D7044A09EF68A78711B51 /* Build configuration list for PBXNativeTarget "SarbatoareWidgetExtension" */ = {
			isa = XCConfigurationList;
			buildConfigurations = (
				4B66D65F3F8ADD7868BE5F20 /* Release */,
				C656A8A7CA9F8C35B7384E18 /* Debug */,
			);
			defaultConfigurationIsVisible = 0;
			defaultConfigurationName = Release;
		};
		90EE70AEF664677876F10E27 /* Build configuration list for PBXProject "CalendarOrtodox" */ = {
			isa = XCConfigurationList;
			buildConfigurations = (
				8A77A8E05D28630FD208A1FD /* Debug */,
				76B21818C539C6609DC34D7C /* Release */,
			);
			defaultConfigurationIsVisible = 0;
			defaultConfigurationName = Release;
		};
		C3CB4A4468590ABB7A7CB5A2 /* Build configuration list for PBXNativeTarget "CalendarOrtodox" */ = {
			isa = XCConfigurationList;
			buildConfigurations = (
				5C9FEF175337E450D97BE780 /* Release */,
				3A25334BE1FBCB9959906DD3 /* Debug */,
			);
			defaultConfigurationIsVisible = 0;
			defaultConfigurationName = Release;
		};
/* End XCConfigurationList section */
	};
	rootObject = 17A3F003330FA7E8DAB007D3 /* Project object */;
}
